// !$*UTF8*$!
{
	archiveVersion = 1;
	classes = {
	};
	objectVersion = 56;
	objects = {

/* Begin PBXBuildFile section */
		F326C9A72D725E0B00B451B9 /* AppDelegate.swift in Sources */ = {isa = PBXBuildFile; fileRef = F326C9A62D725E0B00B451B9 /* AppDelegate.swift */; };
		F326C9A92D725E0B00B451B9 /* SceneDelegate.swift in Sources */ = {isa = PBXBuildFile; fileRef = F326C9A82D725E0B00B451B9 /* SceneDelegate.swift */; };
		F326C9AE2D725E0B00B451B9 /* Base in Resources */ = {isa = PBXBuildFile; fileRef = F326C9AD2D725E0B00B451B9 /* Base */; };
		F326C9B02D725E0D00B451B9 /* Assets.xcassets in Resources */ = {isa = PBXBuildFile; fileRef = F326C9AF2D725E0D00B451B9 /* Assets.xcassets */; };
		F326C9B32D725E0D00B451B9 /* Base in Resources */ = {isa = PBXBuildFile; fileRef = F326C9B22D725E0D00B451B9 /* Base */; };
		F326C9BB2D725F1400B451B9 /* CocktailData.swift in Sources */ = {isa = PBXBuildFile; fileRef = F326C9BA2D725F1400B451B9 /* CocktailData.swift */; };
		F326C9BD2D725F5500B451B9 /* CocktailModel.swift in Sources */ = {isa = PBXBuildFile; fileRef = F326C9BC2D725F5500B451B9 /* CocktailModel.swift */; };
		F326C9BF2D725F7600B451B9 /* Cell.swift in Sources */ = {isa = PBXBuildFile; fileRef = F326C9BE2D725F7600B451B9 /* Cell.swift */; };
		F326C9C12D725FE400B451B9 /* NetworkService.swift in Sources */ = {isa = PBXBuildFile; fileRef = F326C9C02D725FE400B451B9 /* NetworkService.swift */; };
		F326C9C52D7260C100B451B9 /* BookmarksViewController.swift in Sources */ = {isa = PBXBuildFile; fileRef = F326C9C32D7260C100B451B9 /* BookmarksViewController.swift */; };
		F326C9C92D72615000B451B9 /* Tabbar.swift in Sources */ = {isa = PBXBuildFile; fileRef = F326C9C62D72615000B451B9 /* Tabbar.swift */; };
		F326C9CA2D72615000B451B9 /* MainViewController.swift in Sources */ = {isa = PBXBuildFile; fileRef = F326C9C72D72615000B451B9 /* MainViewController.swift */; };
		F326C9CD2D72687800B451B9 /* BookmarkManager.swift in Sources */ = {isa = PBXBuildFile; fileRef = F326C9CC2D72687800B451B9 /* BookmarkManager.swift */; };
/* End PBXBuildFile section */

/* Begin PBXFileReference section */
		F326C9A32D725E0B00B451B9 /* cocktailsApp.app */ = {isa = PBXFileReference; explicitFileType = wrapper.application; includeInIndex = 0; path = cocktailsApp.app; sourceTree = BUILT_PRODUCTS_DIR; };
		F326C9A62D725E0B00B451B9 /* AppDelegate.swift */ = {isa = PBXFileReference; lastKnownFileType = sourcecode.swift; path = AppDelegate.swift; sourceTree = "<group>"; };
		F326C9A82D725E0B00B451B9 /* SceneDelegate.swift */ = {isa = PBXFileReference; lastKnownFileType = sourcecode.swift; path = SceneDelegate.swift; sourceTree = "<group>"; };
		F326C9AD2D725E0B00B451B9 /* Base */ = {isa = PBXFileReference; lastKnownFileType = file.storyboard; name = Base; path = Base.lproj/Main.storyboard; sourceTree = "<group>"; };
		F326C9AF2D725E0D00B451B9 /* Assets.xcassets */ = {isa = PBXFileReference; lastKnownFileType = folder.assetcatalog; path = Assets.xcassets; sourceTree = "<group>"; };
		F326C9B22D725E0D00B451B9 /* Base */ = {isa = PBXFileReference; lastKnownFileType = file.storyboard; name = Base; path = Base.lproj/LaunchScreen.storyboard; sourceTree = "<group>"; };
		F326C9B42D725E0D00B451B9 /* Info.plist */ = {isa = PBXFileReference; lastKnownFileType = text.plist.xml; path = Info.plist; sourceTree = "<group>"; };
		F326C9BA2D725F1400B451B9 /* CocktailData.swift */ = {isa = PBXFileReference; lastKnownFileType = sourcecode.swift; path = CocktailData.swift; sourceTree = "<group>"; };
		F326C9BC2D725F5500B451B9 /* CocktailModel.swift */ = {isa = PBXFileReference; lastKnownFileType = sourcecode.swift; path = CocktailModel.swift; sourceTree = "<group>"; };
		F326C9BE2D725F7600B451B9 /* Cell.swift */ = {isa = PBXFileReference; lastKnownFileType = sourcecode.swift; path = Cell.swift; sourceTree = "<group>"; };
		F326C9C02D725FE400B451B9 /* NetworkService.swift */ = {isa = PBXFileReference; lastKnownFileType = sourcecode.swift; path = NetworkService.swift; sourceTree = "<group>"; };
		F326C9C32D7260C100B451B9 /* BookmarksViewController.swift */ = {isa = PBXFileReference; fileEncoding = 4; lastKnownFileType = sourcecode.swift; path = BookmarksViewController.swift; sourceTree = "<group>"; };
		F326C9C62D72615000B451B9 /* Tabbar.swift */ = {isa = PBXFileReference; fileEncoding = 4; lastKnownFileType = sourcecode.swift; path = Tabbar.swift; sourceTree = "<group>"; };
		F326C9C72D72615000B451B9 /* MainViewController.swift */ = {isa = PBXFileReference; fileEncoding = 4; lastKnownFileType = sourcecode.swift; path = MainViewController.swift; sourceTree = "<group>"; };
		F326C9CC2D72687800B451B9 /* BookmarkManager.swift */ = {isa = PBXFileReference; fileEncoding = 4; lastKnownFileType = sourcecode.swift; path = BookmarkManager.swift; sourceTree = "<group>"; };
/* End PBXFileReference section */

/* Begin PBXFrameworksBuildPhase section */
		F326C9A02D725E0B00B451B9 /* Frameworks */ = {
			isa = PBXFrameworksBuildPhase;
			buildActionMask = 2147483647;
			files = (
			);
			runOnlyForDeploymentPostprocessing = 0;
		};
/* End PBXFrameworksBuildPhase section */

/* Begin PBXGroup section */
		F326C99A2D725E0B00B451B9 = {
			isa = PBXGroup;
			children = (
				F326C9A52D725E0B00B451B9 /* cocktailsApp */,
				F326C9A42D725E0B00B451B9 /* Products */,
			);
			sourceTree = "<group>";
		};
		F326C9A42D725E0B00B451B9 /* Products */ = {
			isa = PBXGroup;
			children = (
				F326C9A32D725E0B00B451B9 /* cocktailsApp.app */,
			);
			name = Products;
			sourceTree = "<group>";
		};
		F326C9A52D725E0B00B451B9 /* cocktailsApp */ = {
			isa = PBXGroup;
			children = (
				F326C9A62D725E0B00B451B9 /* AppDelegate.swift */,
				F326C9C72D72615000B451B9 /* MainViewController.swift */,
				F326C9C62D72615000B451B9 /* Tabbar.swift */,
				F326C9A82D725E0B00B451B9 /* SceneDelegate.swift */,
				F326C9C32D7260C100B451B9 /* BookmarksViewController.swift */,
				F326C9CC2D72687800B451B9 /* BookmarkManager.swift */,
				F326C9C02D725FE400B451B9 /* NetworkService.swift */,
				F326C9BE2D725F7600B451B9 /* Cell.swift */,
				F326C9BA2D725F1400B451B9 /* CocktailData.swift */,
				F326C9BC2D725F5500B451B9 /* CocktailModel.swift */,
				F326C9AC2D725E0B00B451B9 /* Main.storyboard */,
				F326C9AF2D725E0D00B451B9 /* Assets.xcassets */,
				F326C9B12D725E0D00B451B9 /* LaunchScreen.storyboard */,
				F326C9B42D725E0D00B451B9 /* Info.plist */,
			);
			path = cocktailsApp;
			sourceTree = "<group>";
		};
/* End PBXGroup section */

/* Begin PBXNativeTarget section */
		F326C9A22D725E0B00B451B9 /* cocktailsApp */ = {
			isa = PBXNativeTarget;
			buildConfigurationList = F326C9B72D725E0D00B451B9 /* Build configuration list for PBXNativeTarget "cocktailsApp" */;
			buildPhases = (
				F326C99F2D725E0B00B451B9 /* Sources */,
				F326C9A02D725E0B00B451B9 /* Frameworks */,
				F326C9A12D725E0B00B451B9 /* Resources */,
			);
			buildRules = (
			);
			dependencies = (
			);
			name = cocktailsApp;
			productName = cocktailsApp;
			productReference = F326C9A32D725E0B00B451B9 /* cocktailsApp.app */;
			productType = "com.apple.product-type.application";
		};
/* End PBXNativeTarget section */

/* Begin PBXProject section */
		F326C99B2D725E0B00B451B9 /* Project object */ = {
			isa = PBXProject;
			attributes = {
				BuildIndependentTargetsInParallel = 1;
				LastSwiftUpdateCheck = 1540;
				LastUpgradeCheck = 1540;
				TargetAttributes = {
					F326C9A22D725E0B00B451B9 = {
						CreatedOnToolsVersion = 15.4;
					};
				};
			};
			buildConfigurationList = F326C99E2D725E0B00B451B9 /* Build configuration list for PBXProject "cocktailsApp" */;
			compatibilityVersion = "Xcode 14.0";
			developmentRegion = en;
			hasScannedForEncodings = 0;
			knownRegions = (
				en,
				Base,
			);
			mainGroup = F326C99A2D725E0B00B451B9;
			productRefGroup = F326C9A42D725E0B00B451B9 /* Products */;
			projectDirPath = "";
			projectRoot = "";
			targets = (
				F326C9A22D725E0B00B451B9 /* cocktailsApp */,
			);
		};
/* End PBXProject section */

/* Begin PBXResourcesBuildPhase section */
		F326C9A12D725E0B00B451B9 /* Resources */ = {
			isa = PBXResourcesBuildPhase;
			buildActionMask = 2147483647;
			files = (
				F326C9B02D725E0D00B451B9 /* Assets.xcassets in Resources */,
				F326C9B32D725E0D00B451B9 /* Base in Resources */,
				F326C9AE2D725E0B00B451B9 /* Base in Resources */,
			);
			runOnlyForDeploymentPostprocessing = 0;
		};
/* End PBXResourcesBuildPhase section */

/* Begin PBXSourcesBuildPhase section */
		F326C99F2D725E0B00B451B9 /* Sources */ = {
			isa = PBXSourcesBuildPhase;
			buildActionMask = 2147483647;
			files = (
				F326C9C52D7260C100B451B9 /* BookmarksViewController.swift in Sources */,
				F326C9BD2D725F5500B451B9 /* CocktailModel.swift in Sources */,
				F326C9BB2D725F1400B451B9 /* CocktailData.swift in Sources */,
				F326C9C92D72615000B451B9 /* Tabbar.swift in Sources */,
				F326C9A72D725E0B00B451B9 /* AppDelegate.swift in Sources */,
				F326C9A92D725E0B00B451B9 /* SceneDelegate.swift in Sources */,
				F326C9CA2D72615000B451B9 /* MainViewController.swift in Sources */,
				F326C9CD2D72687800B451B9 /* BookmarkManager.swift in Sources */,
				F326C9BF2D725F7600B451B9 /* Cell.swift in Sources */,
				F326C9C12D725FE400B451B9 /* NetworkService.swift in Sources */,
			);
			runOnlyForDeploymentPostprocessing = 0;
		};
/* End PBXSourcesBuildPhase section */

/* Begin PBXVariantGroup section */
		F326C9AC2D725E0B00B451B9 /* Main.storyboard */ = {
			isa = PBXVariantGroup;
			children = (
				F326C9AD2D725E0B00B451B9 /* Base */,
			);
			name = Main.storyboard;
			sourceTree = "<group>";
		};
		F326C9B12D725E0D00B451B9 /* LaunchScreen.storyboard */ = {
			isa = PBXVariantGroup;
			children = (
				F326C9B22D725E0D00B451B9 /* Base */,
			);
			name = LaunchScreen.storyboard;
			sourceTree = "<group>";
		};
/* End PBXVariantGroup section */

/* Begin XCBuildConfiguration section */
		F326C9B52D725E0D00B451B9 /* Debug */ = {
			isa = XCBuildConfiguration;
			buildSettings = {
				ALWAYS_SEARCH_USER_PATHS = NO;
				ASSETCATALOG_COMPILER_GENERATE_SWIFT_ASSET_SYMBOL_EXTENSIONS = YES;
				CLANG_ANALYZER_NONNULL = YES;
				CLANG_ANALYZER_NUMBER_OBJECT_CONVERSION = YES_AGGRESSIVE;
				CLANG_CXX_LANGUAGE_STANDARD = "gnu++20";
				CLANG_ENABLE_MODULES = YES;
				CLANG_ENABLE_OBJC_ARC = YES;
				CLANG_ENABLE_OBJC_WEAK = YES;
				CLANG_WARN_BLOCK_CAPTURE_AUTORELEASING = YES;
				CLANG_WARN_BOOL_CONVERSION = YES;
				CLANG_WARN_COMMA = YES;
				CLANG_WARN_CONSTANT_CONVERSION = YES;
				CLANG_WARN_DEPRECATED_OBJC_IMPLEMENTATIONS = YES;
				CLANG_WARN_DIRECT_OBJC_ISA_USAGE = YES_ERROR;
				CLANG_WARN_DOCUMENTATION_COMMENTS = YES;
				CLANG_WARN_EMPTY_BODY = YES;
				CLANG_WARN_ENUM_CONVERSION = YES;
				CLANG_WARN_INFINITE_RECURSION = YES;
				CLANG_WARN_INT_CONVERSION = YES;
				CLANG_WARN_NON_LITERAL_NULL_CONVERSION = YES;
				CLANG_WARN_OBJC_IMPLICIT_RETAIN_SELF = YES;
				CLANG_WARN_OBJC_LITERAL_CONVERSION = YES;
				CLANG_WARN_OBJC_ROOT_CLASS = YES_ERROR;
				CLANG_WARN_QUOTED_INCLUDE_IN_FRAMEWORK_HEADER = YES;
				CLANG_WARN_RANGE_LOOP_ANALYSIS = YES;
				CLANG_WARN_STRICT_PROTOTYPES = YES;
				CLANG_WARN_SUSPICIOUS_MOVE = YES;
				CLANG_WARN_UNGUARDED_AVAILABILITY = YES_AGGRESSIVE;
				CLANG_WARN_UNREACHABLE_CODE = YES;
				CLANG_WARN__DUPLICATE_METHOD_MATCH = YES;
				COPY_PHASE_STRIP = NO;
				DEBUG_INFORMATION_FORMAT = dwarf;
				ENABLE_STRICT_OBJC_MSGSEND = YES;
				ENABLE_TESTABILITY = YES;
				ENABLE_USER_SCRIPT_SANDBOXING = YES;
				GCC_C_LANGUAGE_STANDARD = gnu17;
				GCC_DYNAMIC_NO_PIC = NO;
				GCC_NO_COMMON_BLOCKS = YES;
				GCC_OPTIMIZATION_LEVEL = 0;
				GCC_PREPROCESSOR_DEFINITIONS = (
					"DEBUG=1",
					"$(inherited)",
				);
				GCC_WARN_64_TO_32_BIT_CONVERSION = YES;
				GCC_WARN_ABOUT_RETURN_TYPE = YES_ERROR;
				GCC_WARN_UNDECLARED_SELECTOR = YES;
				GCC_WARN_UNINITIALIZED_AUTOS = YES_AGGRESSIVE;
				GCC_WARN_UNUSED_FUNCTION = YES;
				GCC_WARN_UNUSED_VARIABLE = YES;
				IPHONEOS_DEPLOYMENT_TARGET = 17.5;
				LOCALIZATION_PREFERS_STRING_CATALOGS = YES;
				MTL_ENABLE_DEBUG_INFO = INCLUDE_SOURCE;
				MTL_FAST_MATH = YES;
				ONLY_ACTIVE_ARCH = YES;
				SDKROOT = iphoneos;
				SWIFT_ACTIVE_COMPILATION_CONDITIONS = "DEBUG $(inherited)";
				SWIFT_OPTIMIZATION_LEVEL = "-Onone";
			};
			name = Debug;
		};
		F326C9B62D725E0D00B451B9 /* Release */ = {
			isa = XCBuildConfiguration;
			buildSettings = {
				ALWAYS_SEARCH_USER_PATHS = NO;
				ASSETCATALOG_COMPILER_GENERATE_SWIFT_ASSET_SYMBOL_EXTENSIONS = YES;
				CLANG_ANALYZER_NONNULL = YES;
				CLANG_ANALYZER_NUMBER_OBJECT_CONVERSION = YES_AGGRESSIVE;
				CLANG_CXX_LANGUAGE_STANDARD = "gnu++20";
				CLANG_ENABLE_MODULES = YES;
				CLANG_ENABLE_OBJC_ARC = YES;
				CLANG_ENABLE_OBJC_WEAK = YES;
				CLANG_WARN_BLOCK_CAPTURE_AUTORELEASING = YES;
				CLANG_WARN_BOOL_CONVERSION = YES;
				CLANG_WARN_COMMA = YES;
				CLANG_WARN_CONSTANT_CONVERSION = YES;
				CLANG_WARN_DEPRECATED_OBJC_IMPLEMENTATIONS = YES;
				CLANG_WARN_DIRECT_OBJC_ISA_USAGE = YES_ERROR;
				CLANG_WARN_DOCUMENTATION_COMMENTS = YES;
				CLANG_WARN_EMPTY_BODY = YES;
				CLANG_WARN_ENUM_CONVERSION = YES;
				CLANG_WARN_INFINITE_RECURSION = YES;
				CLANG_WARN_INT_CONVERSION = YES;
				CLANG_WARN_NON_LITERAL_NULL_CONVERSION = YES;
				CLANG_WARN_OBJC_IMPLICIT_RETAIN_SELF = YES;
				CLANG_WARN_OBJC_LITERAL_CONVERSION = YES;
				CLANG_WARN_OBJC_ROOT_CLASS = YES_ERROR;
				CLANG_WARN_QUOTED_INCLUDE_IN_FRAMEWORK_HEADER = YES;
				CLANG_WARN_RANGE_LOOP_ANALYSIS = YES;
				CLANG_WARN_STRICT_PROTOTYPES = YES;
				CLANG_WARN_SUSPICIOUS_MOVE = YES;
				CLANG_WARN_UNGUARDED_AVAILABILITY = YES_AGGRESSIVE;
				CLANG_WARN_UNREACHABLE_CODE = YES;
				CLANG_WARN__DUPLICATE_METHOD_MATCH = YES;
				COPY_PHASE_STRIP = NO;
				DEBUG_INFORMATION_FORMAT = "dwarf-with-dsym";
				ENABLE_NS_ASSERTIONS = NO;
				ENABLE_STRICT_OBJC_MSGSEND = YES;
				ENABLE_USER_SCRIPT_SANDBOXING = YES;
				GCC_C_LANGUAGE_STANDARD = gnu17;
				GCC_NO_COMMON_BLOCKS = YES;
				GCC_WARN_64_TO_32_BIT_CONVERSION = YES;
				GCC_WARN_ABOUT_RETURN_TYPE = YES_ERROR;
				GCC_WARN_UNDECLARED_SELECTOR = YES;
				GCC_WARN_UNINITIALIZED_AUTOS = YES_AGGRESSIVE;
				GCC_WARN_UNUSED_FUNCTION = YES;
				GCC_WARN_UNUSED_VARIABLE = YES;
				IPHONEOS_DEPLOYMENT_TARGET = 17.5;
				LOCALIZATION_PREFERS_STRING_CATALOGS = YES;
				MTL_ENABLE_DEBUG_INFO = NO;
				MTL_FAST_MATH = YES;
				SDKROOT = iphoneos;
				SWIFT_COMPILATION_MODE = wholemodule;
				VALIDATE_PRODUCT = YES;
			};
			name = Release;
		};
		F326C9B82D725E0D00B451B9 /* Debug */ = {
			isa = XCBuildConfiguration;
			buildSettings = {
				ASSETCATALOG_COMPILER_APPICON_NAME = AppIcon;
				ASSETCATALOG_COMPILER_GLOBAL_ACCENT_COLOR_NAME = AccentColor;
				CODE_SIGN_STYLE = Automatic;
				CURRENT_PROJECT_VERSION = 1;
				DEVELOPMENT_TEAM = 8HS7XS34C5;
				GENERATE_INFOPLIST_FILE = YES;
				INFOPLIST_FILE = cocktailsApp/Info.plist;
				INFOPLIST_KEY_UIApplicationSupportsIndirectInputEvents = YES;
				INFOPLIST_KEY_UILaunchStoryboardName = LaunchScreen;
				INFOPLIST_KEY_UIMainStoryboardFile = Main;
				INFOPLIST_KEY_UISupportedInterfaceOrientations_iPad = "UIInterfaceOrientationPortrait UIInterfaceOrientationPortraitUpsideDown UIInterfaceOrientationLandscapeLeft UIInterfaceOrientationLandscapeRight";
				INFOPLIST_KEY_UISupportedInterfaceOrientations_iPhone = "UIInterfaceOrientationPortrait UIInterfaceOrientationLandscapeLeft UIInterfaceOrientationLandscapeRight";
				LD_RUNPATH_SEARCH_PATHS = (
					"$(inherited)",
					"@executable_path/Frameworks",
				);
				MARKETING_VERSION = 1.0;
				PRODUCT_BUNDLE_IDENTIFIER = AnnaMel.cocktailsApp;
				PRODUCT_NAME = "$(TARGET_NAME)";
				SUPPORTED_PLATFORMS = "iphoneos iphonesimulator";
				SUPPORTS_MACCATALYST = NO;
				SUPPORTS_MAC_DESIGNED_FOR_IPHONE_IPAD = NO;
				SUPPORTS_XR_DESIGNED_FOR_IPHONE_IPAD = NO;
				SWIFT_EMIT_LOC_STRINGS = YES;
				SWIFT_VERSION = 5.0;
				TARGETED_DEVICE_FAMILY = 1;
			};
			name = Debug;
		};
		F326C9B92D725E0D00B451B9 /* Release */ = {
			isa = XCBuildConfiguration;
			buildSettings = {
				ASSETCATALOG_COMPILER_APPICON_NAME = AppIcon;
				ASSETCATALOG_COMPILER_GLOBAL_ACCENT_COLOR_NAME = AccentColor;
				CODE_SIGN_STYLE = Automatic;
				CURRENT_PROJECT_VERSION = 1;
				DEVELOPMENT_TEAM = 8HS7XS34C5;
				GENERATE_INFOPLIST_FILE = YES;
				INFOPLIST_FILE = cocktailsApp/Info.plist;
				INFOPLIST_KEY_UIApplicationSupportsIndirectInputEvents = YES;
				INFOPLIST_KEY_UILaunchStoryboardName = LaunchScreen;
				INFOPLIST_KEY_UIMainStoryboardFile = Main;
				INFOPLIST_KEY_UISupportedInterfaceOrientations_iPad = "UIInterfaceOrientationPortrait UIInterfaceOrientationPortraitUpsideDown UIInterfaceOrientationLandscapeLeft UIInterfaceOrientationLandscapeRight";
				INFOPLIST_KEY_UISupportedInterfaceOrientations_iPhone = "UIInterfaceOrientationPortrait UIInterfaceOrientationLandscapeLeft UIInterfaceOrientationLandscapeRight";
				LD_RUNPATH_SEARCH_PATHS = (
					"$(inherited)",
					"@executable_path/Frameworks",
				);
				MARKETING_VERSION = 1.0;
				PRODUCT_BUNDLE_IDENTIFIER = AnnaMel.cocktailsApp;
				PRODUCT_NAME = "$(TARGET_NAME)";
				SUPPORTED_PLATFORMS = "iphoneos iphonesimulator";
				SUPPORTS_MACCATALYST = NO;
				SUPPORTS_MAC_DESIGNED_FOR_IPHONE_IPAD = NO;
				SUPPORTS_XR_DESIGNED_FOR_IPHONE_IPAD = NO;
				SWIFT_EMIT_LOC_STRINGS = YES;
				SWIFT_VERSION = 5.0;
				TARGETED_DEVICE_FAMILY = 1;
			};
			name = Release;
		};
/* End XCBuildConfiguration section */

/* Begin XCConfigurationList section */
		F326C99E2D725E0B00B451B9 /* Build configuration list for PBXProject "cocktailsApp" */ = {
			isa = XCConfigurationList;
			buildConfigurations = (
				F326C9B52D725E0D00B451B9 /* Debug */,
				F326C9B62D725E0D00B451B9 /* Release */,
			);
			defaultConfigurationIsVisible = 0;
			defaultConfigurationName = Release;
		};
		F326C9B72D725E0D00B451B9 /* Build configuration list for PBXNativeTarget "cocktailsApp" */ = {
			isa = XCConfigurationList;
			buildConfigurations = (
				F326C9B82D725E0D00B451B9 /* Debug */,
				F326C9B92D725E0D00B451B9 /* Release */,
			);
			defaultConfigurationIsVisible = 0;
			defaultConfigurationName = Release;
		};
/* End XCConfigurationList section */
	};
	rootObject = F326C99B2D725E0B00B451B9 /* Project object */;
}
